
Microsoft Visual Studio Solution File, Format Version 12.00
# Visual Studio Version 16
VisualStudioVersion = 16.0.30503.244
MinimumVisualStudioVersion = 10.0.40219.1
Project("{FAE04EC0-301F-11D3-BF4B-00C04F79EFBC}") = "ReadWriteTextFile", "ReadWriteTextFile\ReadWriteTextFile.csproj", "{55D9633D-A000-4AD9-B817-83C349FCC585}"
EndProject
Project("{FAE04EC0-301F-11D3-BF4B-00C04F79EFBC}") = "ReadWriteCsvFile", "ReadWriteCsvFile\ReadWriteCsvFile.csproj", "{37164678-2333-4148-A20A-285CA16FD585}"
EndProject
Project("{FAE04EC0-301F-11D3-BF4B-00C04F79EFBC}") = "SharedClassLibrary", "SharedClassLibrary\SharedClassLibrary.csproj", "{0E520687-2679-4380-BB0E-243DA221C01B}"
EndProject
Project("{FAE04EC0-301F-11D3-BF4B-00C04F79EFBC}") = "ReadWriteXmlFile", "ReadWriteXmlFile\ReadWriteXmlFile.csproj", "{6F4AF03D-C342-428D-97F8-237EACE6D783}"
EndProject
Project("{9A19103F-16F7-4668-BE54-9A1E7A4F7556}") = "ReadWriteJsonFile", "ReadWriteJsonFile\ReadWriteJsonFile.csproj", "{B6A3C9E3-33FC-4C17-B2C5-CAAEDFF41EF7}"
EndProject
Project("{FAE04EC0-301F-11D3-BF4B-00C04F79EFBC}") = "ReadWriteFileUwp", "ReadWriteFileUwp\ReadWriteFileUwp.csproj", "{AD2D9EA3-0080-4EAB-9EEE-31AA5DBC7AEC}"
EndProject
Global
	GlobalSection(SolutionConfigurationPlatforms) = preSolution
		Debug|Any CPU = Debug|Any CPU
		Debug|ARM = Debug|ARM
		Debug|ARM64 = Debug|ARM64
		Debug|x64 = Debug|x64
		Debug|x86 = Debug|x86
		Release|Any CPU = Release|Any CPU
		Release|ARM = Release|ARM
		Release|ARM64 = Release|ARM64
		Release|x64 = Release|x64
		Release|x86 = Release|x86
	EndGlobalSection
	GlobalSection(ProjectConfigurationPlatforms) = postSolution
		{55D9633D-A000-4AD9-B817-83C349FCC585}.Debug|Any CPU.ActiveCfg = Debug|Any CPU
		{55D9633D-A000-4AD9-B817-83C349FCC585}.Debug|Any CPU.Build.0 = Debug|Any CPU
		{55D9633D-A000-4AD9-B817-83C349FCC585}.Debug|ARM.ActiveCfg = Debug|Any CPU
		{55D9633D-A000-4AD9-B817-83C349FCC585}.Debug|ARM.Build.0 = Debug|Any CPU
		{55D9633D-A000-4AD9-B817-83C349FCC585}.Debug|ARM64.ActiveCfg = Debug|Any CPU
		{55D9633D-A000-4AD9-B817-83C349FCC585}.Debug|ARM64.Build.0 = Debug|Any CPU
		{55D9633D-A000-4AD9-B817-83C349FCC585}.Debug|x64.ActiveCfg = Debug|Any CPU
		{55D9633D-A000-4AD9-B817-83C349FCC585}.Debug|x64.Build.0 = Debug|Any CPU
		{55D9633D-A000-4AD9-B817-83C349FCC585}.Debug|x86.ActiveCfg = Debug|Any CPU
		{55D9633D-A000-4AD9-B817-83C349FCC585}.Debug|x86.Build.0 = Debug|Any CPU
		{55D9633D-A000-4AD9-B817-83C349FCC585}.Release|Any CPU.ActiveCfg = Release|Any CPU
		{55D9633D-A000-4AD9-B817-83C349FCC585}.Release|Any CPU.Build.0 = Release|Any CPU
		{55D9633D-A000-4AD9-B817-83C349FCC585}.Release|ARM.ActiveCfg = Release|Any CPU
		{55D9633D-A000-4AD9-B817-83C349FCC585}.Release|ARM.Build.0 = Release|Any CPU
		{55D9633D-A000-4AD9-B817-83C349FCC585}.Release|ARM64.ActiveCfg = Release|Any CPU
		{55D9633D-A000-4AD9-B817-83C349FCC585}.Release|ARM64.Build.0 = Release|Any CPU
		{55D9633D-A000-4AD9-B817-83C349FCC585}.Release|x64.ActiveCfg = Release|Any CPU
		{55D9633D-A000-4AD9-B817-83C349FCC585}.Release|x64.Build.0 = Release|Any CPU
		{55D9633D-A000-4AD9-B817-83C349FCC585}.Release|x86.ActiveCfg = Release|Any CPU
		{55D9633D-A000-4AD9-B817-83C349FCC585}.Release|x86.Build.0 = Release|Any CPU
		{37164678-2333-4148-A20A-285CA16FD585}.Debug|Any CPU.ActiveCfg = Debug|Any CPU
		{37164678-2333-4148-A20A-285CA16FD585}.Debug|Any CPU.Build.0 = Debug|Any CPU
		{37164678-2333-4148-A20A-285CA16FD585}.Debug|ARM.ActiveCfg = Debug|Any CPU
		{37164678-2333-4148-A20A-285CA16FD585}.Debug|ARM.Build.0 = Debug|Any CPU
		{37164678-2333-4148-A20A-285CA16FD585}.Debug|ARM64.ActiveCfg = Debug|Any CPU
		{37164678-2333-4148-A20A-285CA16FD585}.Debug|ARM64.Build.0 = Debug|Any CPU
		{37164678-2333-4148-A20A-285CA16FD585}.Debug|x64.ActiveCfg = Debug|Any CPU
		{37164678-2333-4148-A20A-285CA16FD585}.Debug|x64.Build.0 = Debug|Any CPU
		{37164678-2333-4148-A20A-285CA16FD585}.Debug|x86.ActiveCfg = Debug|Any CPU
		{37164678-2333-4148-A20A-285CA16FD585}.Debug|x86.Build.0 = Debug|Any CPU
		{37164678-2333-4148-A20A-285CA16FD585}.Release|Any CPU.ActiveCfg = Release|Any CPU
		{37164678-2333-4148-A20A-285CA16FD585}.Release|Any CPU.Build.0 = Release|Any CPU
		{37164678-2333-4148-A20A-285CA16FD585}.Release|ARM.ActiveCfg = Release|Any CPU
		{37164678-2333-4148-A20A-285CA16FD585}.Release|ARM.Build.0 = Release|Any CPU
		{37164678-2333-4148-A20A-285CA16FD585}.Release|ARM64.ActiveCfg = Release|Any CPU
		{37164678-2333-4148-A20A-285CA16FD585}.Release|ARM64.Build.0 = Release|Any CPU
		{37164678-2333-4148-A20A-285CA16FD585}.Release|x64.ActiveCfg = Release|Any CPU
		{37164678-2333-4148-A20A-285CA16FD585}.Release|x64.Build.0 = Release|Any CPU
		{37164678-2333-4148-A20A-285CA16FD585}.Release|x86.ActiveCfg = Release|Any CPU
		{37164678-2333-4148-A20A-285CA16FD585}.Release|x86.Build.0 = Release|Any CPU
		{0E520687-2679-4380-BB0E-243DA221C01B}.Debug|Any CPU.ActiveCfg = Debug|Any CPU
		{0E520687-2679-4380-BB0E-243DA221C01B}.Debug|Any CPU.Build.0 = Debug|Any CPU
		{0E520687-2679-4380-BB0E-243DA221C01B}.Debug|ARM.ActiveCfg = Debug|Any CPU
		{0E520687-2679-4380-BB0E-243DA221C01B}.Debug|ARM.Build.0 = Debug|Any CPU
		{0E520687-2679-4380-BB0E-243DA221C01B}.Debug|ARM64.ActiveCfg = Debug|Any CPU
		{0E520687-2679-4380-BB0E-243DA221C01B}.Debug|ARM64.Build.0 = Debug|Any CPU
		{0E520687-2679-4380-BB0E-243DA221C01B}.Debug|x64.ActiveCfg = Debug|Any CPU
		{0E520687-2679-4380-BB0E-243DA221C01B}.Debug|x64.Build.0 = Debug|Any CPU
		{0E520687-2679-4380-BB0E-243DA221C01B}.Debug|x86.ActiveCfg = Debug|Any CPU
		{0E520687-2679-4380-BB0E-243DA221C01B}.Debug|x86.Build.0 = Debug|Any CPU
		{0E520687-2679-4380-BB0E-243DA221C01B}.Release|Any CPU.ActiveCfg = Release|Any CPU
		{0E520687-2679-4380-BB0E-243DA221C01B}.Release|Any CPU.Build.0 = Release|Any CPU
		{0E520687-2679-4380-BB0E-243DA221C01B}.Release|ARM.ActiveCfg = Release|Any CPU
		{0E520687-2679-4380-BB0E-243DA221C01B}.Release|ARM.Build.0 = Release|Any CPU
		{0E520687-2679-4380-BB0E-243DA221C01B}.Release|ARM64.ActiveCfg = Release|Any CPU
		{0E520687-2679-4380-BB0E-243DA221C01B}.Release|ARM64.Build.0 = Release|Any CPU
		{0E520687-2679-4380-BB0E-243DA221C01B}.Release|x64.ActiveCfg = Release|Any CPU
		{0E520687-2679-4380-BB0E-243DA221C01B}.Release|x64.Build.0 = Release|Any CPU
		{0E520687-2679-4380-BB0E-243DA221C01B}.Release|x86.ActiveCfg = Release|Any CPU
		{0E520687-2679-4380-BB0E-243DA221C01B}.Release|x86.Build.0 = Release|Any CPU
		{6F4AF03D-C342-428D-97F8-237EACE6D783}.Debug|Any CPU.ActiveCfg = Debug|Any CPU
		{6F4AF03D-C342-428D-97F8-237EACE6D783}.Debug|Any CPU.Build.0 = Debug|Any CPU
		{6F4AF03D-C342-428D-97F8-237EACE6D783}.Debug|ARM.ActiveCfg = Debug|Any CPU
		{6F4AF03D-C342-428D-97F8-237EACE6D783}.Debug|ARM.Build.0 = Debug|Any CPU
		{6F4AF03D-C342-428D-97F8-237EACE6D783}.Debug|ARM64.ActiveCfg = Debug|Any CPU
		{6F4AF03D-C342-428D-97F8-237EACE6D783}.Debug|ARM64.Build.0 = Debug|Any CPU
		{6F4AF03D-C342-428D-97F8-237EACE6D783}.Debug|x64.ActiveCfg = Debug|Any CPU
		{6F4AF03D-C342-428D-97F8-237EACE6D783}.Debug|x64.Build.0 = Debug|Any CPU
		{6F4AF03D-C342-428D-97F8-237EACE6D783}.Debug|x86.ActiveCfg = Debug|Any CPU
		{6F4AF03D-C342-428D-97F8-237EACE6D783}.Debug|x86.Build.0 = Debug|Any CPU
		{6F4AF03D-C342-428D-97F8-237EACE6D783}.Release|Any CPU.ActiveCfg = Release|Any CPU
		{6F4AF03D-C342-428D-97F8-237EACE6D783}.Release|Any CPU.Build.0 = Release|Any CPU
		{6F4AF03D-C342-428D-97F8-237EACE6D783}.Release|ARM.ActiveCfg = Release|Any CPU
		{6F4AF03D-C342-428D-97F8-237EACE6D783}.Release|ARM.Build.0 = Release|Any CPU
		{6F4AF03D-C342-428D-97F8-237EACE6D783}.Release|ARM64.ActiveCfg = Release|Any CPU
		{6F4AF03D-C342-428D-97F8-237EACE6D783}.Release|ARM64.Build.0 = Release|Any CPU
		{6F4AF03D-C342-428D-97F8-237EACE6D783}.Release|x64.ActiveCfg = Release|Any CPU
		{6F4AF03D-C342-428D-97F8-237EACE6D783}.Release|x64.Build.0 = Release|Any CPU
		{6F4AF03D-C342-428D-97F8-237EACE6D783}.Release|x86.ActiveCfg = Release|Any CPU
		{6F4AF03D-C342-428D-97F8-237EACE6D783}.Release|x86.Build.0 = Release|Any CPU
		{B6A3C9E3-33FC-4C17-B2C5-CAAEDFF41EF7}.Debug|Any CPU.ActiveCfg = Debug|Any CPU
		{B6A3C9E3-33FC-4C17-B2C5-CAAEDFF41EF7}.Debug|Any CPU.Build.0 = Debug|Any CPU
		{B6A3C9E3-33FC-4C17-B2C5-CAAEDFF41EF7}.Debug|ARM.ActiveCfg = Debug|Any CPU
		{B6A3C9E3-33FC-4C17-B2C5-CAAEDFF41EF7}.Debug|ARM.Build.0 = Debug|Any CPU
		{B6A3C9E3-33FC-4C17-B2C5-CAAEDFF41EF7}.Debug|ARM64.ActiveCfg = Debug|Any CPU
		{B6A3C9E3-33FC-4C17-B2C5-CAAEDFF41EF7}.Debug|ARM64.Build.0 = Debug|Any CPU
		{B6A3C9E3-33FC-4C17-B2C5-CAAEDFF41EF7}.Debug|x64.ActiveCfg = Debug|Any CPU
		{B6A3C9E3-33FC-4C17-B2C5-CAAEDFF41EF7}.Debug|x64.Build.0 = Debug|Any CPU
		{B6A3C9E3-33FC-4C17-B2C5-CAAEDFF41EF7}.Debug|x86.ActiveCfg = Debug|Any CPU
		{B6A3C9E3-33FC-4C17-B2C5-CAAEDFF41EF7}.Debug|x86.Build.0 = Debug|Any CPU
		{B6A3C9E3-33FC-4C17-B2C5-CAAEDFF41EF7}.Release|Any CPU.ActiveCfg = Release|Any CPU
		{B6A3C9E3-33FC-4C17-B2C5-CAAEDFF41EF7}.Release|Any CPU.Build.0 = Release|Any CPU
		{B6A3C9E3-33FC-4C17-B2C5-CAAEDFF41EF7}.Release|ARM.ActiveCfg = Release|Any CPU
		{B6A3C9E3-33FC-4C17-B2C5-CAAEDFF41EF7}.Release|ARM.Build.0 = Release|Any CPU
		{B6A3C9E3-33FC-4C17-B2C5-CAAEDFF41EF7}.Release|ARM64.ActiveCfg = Release|Any CPU
		{B6A3C9E3-33FC-4C17-B2C5-CAAEDFF41EF7}.Release|ARM64.Build.0 = Release|Any CPU
		{B6A3C9E3-33FC-4C17-B2C5-CAAEDFF41EF7}.Release|x64.ActiveCfg = Release|Any CPU
		{B6A3C9E3-33FC-4C17-B2C5-CAAEDFF41EF7}.Release|x64.Build.0 = Release|Any CPU
		{B6A3C9E3-33FC-4C17-B2C5-CAAEDFF41EF7}.Release|x86.ActiveCfg = Release|Any CPU
		{B6A3C9E3-33FC-4C17-B2C5-CAAEDFF41EF7}.Release|x86.Build.0 = Release|Any CPU
		{AD2D9EA3-0080-4EAB-9EEE-31AA5DBC7AEC}.Debug|Any CPU.ActiveCfg = Debug|x86
		{AD2D9EA3-0080-4EAB-9EEE-31AA5DBC7AEC}.Debug|ARM.ActiveCfg = Debug|ARM
		{AD2D9EA3-0080-4EAB-9EEE-31AA5DBC7AEC}.Debug|ARM.Build.0 = Debug|ARM
		{AD2D9EA3-0080-4EAB-9EEE-31AA5DBC7AEC}.Debug|ARM.Deploy.0 = Debug|ARM
		{AD2D9EA3-0080-4EAB-9EEE-31AA5DBC7AEC}.Debug|ARM64.ActiveCfg = Debug|ARM64
		{AD2D9EA3-0080-4EAB-9EEE-31AA5DBC7AEC}.Debug|ARM64.Build.0 = Debug|ARM64
		{AD2D9EA3-0080-4EAB-9EEE-31AA5DBC7AEC}.Debug|ARM64.Deploy.0 = Debug|ARM64
		{AD2D9EA3-0080-4EAB-9EEE-31AA5DBC7AEC}.Debug|x64.ActiveCfg = Debug|x64
		{AD2D9EA3-0080-4EAB-9EEE-31AA5DBC7AEC}.Debug|x64.Build.0 = Debug|x64
		{AD2D9EA3-0080-4EAB-9EEE-31AA5DBC7AEC}.Debug|x64.Deploy.0 = Debug|x64
		{AD2D9EA3-0080-4EAB-9EEE-31AA5DBC7AEC}.Debug|x86.ActiveCfg = Debug|x86
		{AD2D9EA3-0080-4EAB-9EEE-31AA5DBC7AEC}.Debug|x86.Build.0 = Debug|x86
		{AD2D9EA3-0080-4EAB-9EEE-31AA5DBC7AEC}.Debug|x86.Deploy.0 = Debug|x86
		{AD2D9EA3-0080-4EAB-9EEE-31AA5DBC7AEC}.Release|Any CPU.ActiveCfg = Release|x86
		{AD2D9EA3-0080-4EAB-9EEE-31AA5DBC7AEC}.Release|ARM.ActiveCfg = Release|ARM
		{AD2D9EA3-0080-4EAB-9EEE-31AA5DBC7AEC}.Release|ARM.Build.0 = Release|ARM
		{AD2D9EA3-0080-4EAB-9EEE-31AA5DBC7AEC}.Release|ARM.Deploy.0 = Release|ARM
		{AD2D9EA3-0080-4EAB-9EEE-31AA5DBC7AEC}.Release|ARM64.ActiveCfg = Release|ARM64
		{AD2D9EA3-0080-4EAB-9EEE-31AA5DBC7AEC}.Release|ARM64.Build.0 = Release|ARM64
		{AD2D9EA3-0080-4EAB-9EEE-31AA5DBC7AEC}.Release|ARM64.Deploy.0 = Release|ARM64
		{AD2D9EA3-0080-4EAB-9EEE-31AA5DBC7AEC}.Release|x64.ActiveCfg = Release|x64
		{AD2D9EA3-0080-4EAB-9EEE-31AA5DBC7AEC}.Release|x64.Build.0 = Release|x64
		{AD2D9EA3-0080-4EAB-9EEE-31AA5DBC7AEC}.Release|x64.Deploy.0 = Release|x64
		{AD2D9EA3-0080-4EAB-9EEE-31AA5DBC7AEC}.Release|x86.ActiveCfg = Release|x86
		{AD2D9EA3-0080-4EAB-9EEE-31AA5DBC7AEC}.Release|x86.Build.0 = Release|x86
		{AD2D9EA3-0080-4EAB-9EEE-31AA5DBC7AEC}.Release|x86.Deploy.0 = Release|x86
	EndGlobalSection
	GlobalSection(SolutionProperties) = preSolution
		HideSolutionNode = FALSE
	EndGlobalSection
	GlobalSection(ExtensibilityGlobals) = postSolution
		SolutionGuid = {91DFDD96-B03E-45D4-B1E8-18F7E3D91A1C}
	EndGlobalSection
EndGlobal
